// !$*UTF8*$!
{
	archiveVersion = 1;
	classes = {
	};
	objectVersion = 56;
	objects = {

/* Begin PBXBuildFile section */
		BA997DF42C334CA2007C2E51 /* PokedexApp.swift in Sources */ = {isa = PBXBuildFile; fileRef = BA997DF32C334CA2007C2E51 /* PokedexApp.swift */; };
		BA997DF62C334CA2007C2E51 /* HomeView.swift in Sources */ = {isa = PBXBuildFile; fileRef = BA997DF52C334CA2007C2E51 /* HomeView.swift */; };
		BA997DF82C334CA3007C2E51 /* Assets.xcassets in Resources */ = {isa = PBXBuildFile; fileRef = BA997DF72C334CA3007C2E51 /* Assets.xcassets */; };
		BA997DFB2C334CA3007C2E51 /* Preview Assets.xcassets in Resources */ = {isa = PBXBuildFile; fileRef = BA997DFA2C334CA3007C2E51 /* Preview Assets.xcassets */; };
		BA997E082C3378FF007C2E51 /* PokemonService.swift in Sources */ = {isa = PBXBuildFile; fileRef = BA997E072C3378FF007C2E51 /* PokemonService.swift */; };
		BA997E0A2C337BC4007C2E51 /* PokemonLink.swift in Sources */ = {isa = PBXBuildFile; fileRef = BA997E092C337BC4007C2E51 /* PokemonLink.swift */; };
		BA997E0C2C349A7C007C2E51 /* HomeViewModel.swift in Sources */ = {isa = PBXBuildFile; fileRef = BA997E0B2C349A7C007C2E51 /* HomeViewModel.swift */; };
		BA997E0E2C349E56007C2E51 /* PokemonImageView.swift in Sources */ = {isa = PBXBuildFile; fileRef = BA997E0D2C349E56007C2E51 /* PokemonImageView.swift */; };
		BA997E112C349EC2007C2E51 /* Nuke in Frameworks */ = {isa = PBXBuildFile; productRef = BA997E102C349EC2007C2E51 /* Nuke */; };
		BA997E132C349EC2007C2E51 /* NukeExtensions in Frameworks */ = {isa = PBXBuildFile; productRef = BA997E122C349EC2007C2E51 /* NukeExtensions */; };
		BA997E152C349EC2007C2E51 /* NukeUI in Frameworks */ = {isa = PBXBuildFile; productRef = BA997E142C349EC2007C2E51 /* NukeUI */; };
		BA997E172C349EC2007C2E51 /* NukeVideo in Frameworks */ = {isa = PBXBuildFile; productRef = BA997E162C349EC2007C2E51 /* NukeVideo */; };
		BA997E192C350015007C2E51 /* PokemonInformation.swift in Sources */ = {isa = PBXBuildFile; fileRef = BA997E182C350015007C2E51 /* PokemonInformation.swift */; };
		BA997E1B2C35BC6E007C2E51 /* PokemonDetailView.swift in Sources */ = {isa = PBXBuildFile; fileRef = BA997E1A2C35BC6E007C2E51 /* PokemonDetailView.swift */; };
		BA997E1D2C35BD23007C2E51 /* PokemonDetailViewModel.swift in Sources */ = {isa = PBXBuildFile; fileRef = BA997E1C2C35BD23007C2E51 /* PokemonDetailViewModel.swift */; };
		BA997E1F2C35C548007C2E51 /* CircularLoaderView.swift in Sources */ = {isa = PBXBuildFile; fileRef = BA997E1E2C35C548007C2E51 /* CircularLoaderView.swift */; };
		BA997E212C35D190007C2E51 /* PokemonServiceError.swift in Sources */ = {isa = PBXBuildFile; fileRef = BA997E202C35D190007C2E51 /* PokemonServiceError.swift */; };
		BADF5D1F2C387CF90096368B /* PokeAPIResponse.swift in Sources */ = {isa = PBXBuildFile; fileRef = BADF5D1E2C387CF90096368B /* PokeAPIResponse.swift */; };
		BADF5D232C38825E0096368B /* PokeAPI.swift in Sources */ = {isa = PBXBuildFile; fileRef = BADF5D222C38825E0096368B /* PokeAPI.swift */; };
		BADF5D272C38F44B0096368B /* Constants.swift in Sources */ = {isa = PBXBuildFile; fileRef = BADF5D262C38F44B0096368B /* Constants.swift */; };
/* End PBXBuildFile section */

/* Begin PBXFileReference section */
		BA997DF02C334CA2007C2E51 /* Pokedex.app */ = {isa = PBXFileReference; explicitFileType = wrapper.application; includeInIndex = 0; path = Pokedex.app; sourceTree = BUILT_PRODUCTS_DIR; };
		BA997DF32C334CA2007C2E51 /* PokedexApp.swift */ = {isa = PBXFileReference; lastKnownFileType = sourcecode.swift; path = PokedexApp.swift; sourceTree = "<group>"; };
		BA997DF52C334CA2007C2E51 /* HomeView.swift */ = {isa = PBXFileReference; lastKnownFileType = sourcecode.swift; path = HomeView.swift; sourceTree = "<group>"; };
		BA997DF72C334CA3007C2E51 /* Assets.xcassets */ = {isa = PBXFileReference; lastKnownFileType = folder.assetcatalog; path = Assets.xcassets; sourceTree = "<group>"; };
		BA997DFA2C334CA3007C2E51 /* Preview Assets.xcassets */ = {isa = PBXFileReference; lastKnownFileType = folder.assetcatalog; path = "Preview Assets.xcassets"; sourceTree = "<group>"; };
		BA997E052C334E01007C2E51 /* README.md */ = {isa = PBXFileReference; lastKnownFileType = net.daringfireball.markdown; path = README.md; sourceTree = "<group>"; };
		BA997E072C3378FF007C2E51 /* PokemonService.swift */ = {isa = PBXFileReference; lastKnownFileType = sourcecode.swift; path = PokemonService.swift; sourceTree = "<group>"; };
		BA997E092C337BC4007C2E51 /* PokemonLink.swift */ = {isa = PBXFileReference; lastKnownFileType = sourcecode.swift; path = PokemonLink.swift; sourceTree = "<group>"; };
		BA997E0B2C349A7C007C2E51 /* HomeViewModel.swift */ = {isa = PBXFileReference; lastKnownFileType = sourcecode.swift; path = HomeViewModel.swift; sourceTree = "<group>"; };
		BA997E0D2C349E56007C2E51 /* PokemonImageView.swift */ = {isa = PBXFileReference; lastKnownFileType = sourcecode.swift; path = PokemonImageView.swift; sourceTree = "<group>"; };
		BA997E182C350015007C2E51 /* PokemonInformation.swift */ = {isa = PBXFileReference; lastKnownFileType = sourcecode.swift; path = PokemonInformation.swift; sourceTree = "<group>"; };
		BA997E1A2C35BC6E007C2E51 /* PokemonDetailView.swift */ = {isa = PBXFileReference; lastKnownFileType = sourcecode.swift; path = PokemonDetailView.swift; sourceTree = "<group>"; };
		BA997E1C2C35BD23007C2E51 /* PokemonDetailViewModel.swift */ = {isa = PBXFileReference; lastKnownFileType = sourcecode.swift; path = PokemonDetailViewModel.swift; sourceTree = "<group>"; };
		BA997E1E2C35C548007C2E51 /* CircularLoaderView.swift */ = {isa = PBXFileReference; lastKnownFileType = sourcecode.swift; path = CircularLoaderView.swift; sourceTree = "<group>"; };
		BA997E202C35D190007C2E51 /* PokemonServiceError.swift */ = {isa = PBXFileReference; lastKnownFileType = sourcecode.swift; path = PokemonServiceError.swift; sourceTree = "<group>"; };
		BADF5D1E2C387CF90096368B /* PokeAPIResponse.swift */ = {isa = PBXFileReference; lastKnownFileType = sourcecode.swift; path = PokeAPIResponse.swift; sourceTree = "<group>"; };
		BADF5D222C38825E0096368B /* PokeAPI.swift */ = {isa = PBXFileReference; lastKnownFileType = sourcecode.swift; path = PokeAPI.swift; sourceTree = "<group>"; };
		BADF5D262C38F44B0096368B /* Constants.swift */ = {isa = PBXFileReference; lastKnownFileType = sourcecode.swift; path = Constants.swift; sourceTree = "<group>"; };
/* End PBXFileReference section */

/* Begin PBXFrameworksBuildPhase section */
		BA997DED2C334CA2007C2E51 /* Frameworks */ = {
			isa = PBXFrameworksBuildPhase;
			buildActionMask = 2147483647;
			files = (
				BA997E152C349EC2007C2E51 /* NukeUI in Frameworks */,
				BA997E112C349EC2007C2E51 /* Nuke in Frameworks */,
				BA997E132C349EC2007C2E51 /* NukeExtensions in Frameworks */,
				BA997E172C349EC2007C2E51 /* NukeVideo in Frameworks */,
			);
			runOnlyForDeploymentPostprocessing = 0;
		};
/* End PBXFrameworksBuildPhase section */

/* Begin PBXGroup section */
		BA997DE72C334CA2007C2E51 = {
			isa = PBXGroup;
			children = (
				BA997E052C334E01007C2E51 /* README.md */,
				BA997DF22C334CA2007C2E51 /* Pokedex */,
				BA997DF12C334CA2007C2E51 /* Products */,
			);
			sourceTree = "<group>";
		};
		BA997DF12C334CA2007C2E51 /* Products */ = {
			isa = PBXGroup;
			children = (
				BA997DF02C334CA2007C2E51 /* Pokedex.app */,
			);
			name = Products;
			sourceTree = "<group>";
		};
		BA997DF22C334CA2007C2E51 /* Pokedex */ = {
			isa = PBXGroup;
			children = (
				BA997DF32C334CA2007C2E51 /* PokedexApp.swift */,
				BA997E012C334D15007C2E51 /* Models */,
				BA997E032C334D2E007C2E51 /* ViewModels */,
				BA997E042C334D3B007C2E51 /* Views */,
				BA997E062C337876007C2E51 /* Networking */,
				BADF5D212C3882240096368B /* Utils */,
				BA997DF72C334CA3007C2E51 /* Assets.xcassets */,
				BA997DF92C334CA3007C2E51 /* Preview Content */,
			);
			path = Pokedex;
			sourceTree = "<group>";
		};
		BA997DF92C334CA3007C2E51 /* Preview Content */ = {
			isa = PBXGroup;
			children = (
				BA997DFA2C334CA3007C2E51 /* Preview Assets.xcassets */,
			);
			path = "Preview Content";
			sourceTree = "<group>";
		};
		BA997E012C334D15007C2E51 /* Models */ = {
			isa = PBXGroup;
			children = (
				BA997E092C337BC4007C2E51 /* PokemonLink.swift */,
				BADF5D1E2C387CF90096368B /* PokeAPIResponse.swift */,
				BA997E182C350015007C2E51 /* PokemonInformation.swift */,
			);
			path = Models;
			sourceTree = "<group>";
		};
		BA997E032C334D2E007C2E51 /* ViewModels */ = {
			isa = PBXGroup;
			children = (
				BA997E0B2C349A7C007C2E51 /* HomeViewModel.swift */,
				BA997E1C2C35BD23007C2E51 /* PokemonDetailViewModel.swift */,
			);
			path = ViewModels;
			sourceTree = "<group>";
		};
		BA997E042C334D3B007C2E51 /* Views */ = {
			isa = PBXGroup;
			children = (
				BA997DF52C334CA2007C2E51 /* HomeView.swift */,
				BA997E1A2C35BC6E007C2E51 /* PokemonDetailView.swift */,
				BADF5D202C387F650096368B /* Components */,
			);
			path = Views;
			sourceTree = "<group>";
		};
		BA997E062C337876007C2E51 /* Networking */ = {
			isa = PBXGroup;
			children = (
				BADF5D222C38825E0096368B /* PokeAPI.swift */,
				BA997E072C3378FF007C2E51 /* PokemonService.swift */,
				BA997E202C35D190007C2E51 /* PokemonServiceError.swift */,
			);
			path = Networking;
			sourceTree = "<group>";
		};
		BADF5D202C387F650096368B /* Components */ = {
			isa = PBXGroup;
			children = (
				BA997E0D2C349E56007C2E51 /* PokemonImageView.swift */,
				BA997E1E2C35C548007C2E51 /* CircularLoaderView.swift */,
			);
			path = Components;
			sourceTree = "<group>";
		};
		BADF5D212C3882240096368B /* Utils */ = {
			isa = PBXGroup;
			children = (
				BADF5D262C38F44B0096368B /* Constants.swift */,
			);
			path = Utils;
			sourceTree = "<group>";
		};
/* End PBXGroup section */

/* Begin PBXNativeTarget section */
		BA997DEF2C334CA2007C2E51 /* Pokedex */ = {
			isa = PBXNativeTarget;
			buildConfigurationList = BA997DFE2C334CA3007C2E51 /* Build configuration list for PBXNativeTarget "Pokedex" */;
			buildPhases = (
				BA997DEC2C334CA2007C2E51 /* Sources */,
				BA997DED2C334CA2007C2E51 /* Frameworks */,
				BA997DEE2C334CA2007C2E51 /* Resources */,
			);
			buildRules = (
			);
			dependencies = (
			);
			name = Pokedex;
			packageProductDependencies = (
				BA997E102C349EC2007C2E51 /* Nuke */,
				BA997E122C349EC2007C2E51 /* NukeExtensions */,
				BA997E142C349EC2007C2E51 /* NukeUI */,
				BA997E162C349EC2007C2E51 /* NukeVideo */,
			);
			productName = Pokedex;
			productReference = BA997DF02C334CA2007C2E51 /* Pokedex.app */;
			productType = "com.apple.product-type.application";
		};
/* End PBXNativeTarget section */

/* Begin PBXProject section */
		BA997DE82C334CA2007C2E51 /* Project object */ = {
			isa = PBXProject;
			attributes = {
				BuildIndependentTargetsInParallel = 1;
				LastSwiftUpdateCheck = 1520;
				LastUpgradeCheck = 1520;
				TargetAttributes = {
					BA997DEF2C334CA2007C2E51 = {
						CreatedOnToolsVersion = 15.2;
					};
				};
			};
			buildConfigurationList = BA997DEB2C334CA2007C2E51 /* Build configuration list for PBXProject "Pokedex" */;
			compatibilityVersion = "Xcode 14.0";
			developmentRegion = en;
			hasScannedForEncodings = 0;
			knownRegions = (
				en,
				Base,
			);
			mainGroup = BA997DE72C334CA2007C2E51;
			packageReferences = (
				BA997E0F2C349EC2007C2E51 /* XCRemoteSwiftPackageReference "Nuke" */,
			);
			productRefGroup = BA997DF12C334CA2007C2E51 /* Products */;
			projectDirPath = "";
			projectRoot = "";
			targets = (
				BA997DEF2C334CA2007C2E51 /* Pokedex */,
			);
		};
/* End PBXProject section */

/* Begin PBXResourcesBuildPhase section */
		BA997DEE2C334CA2007C2E51 /* Resources */ = {
			isa = PBXResourcesBuildPhase;
			buildActionMask = 2147483647;
			files = (
				BA997DFB2C334CA3007C2E51 /* Preview Assets.xcassets in Resources */,
				BA997DF82C334CA3007C2E51 /* Assets.xcassets in Resources */,
			);
			runOnlyForDeploymentPostprocessing = 0;
		};
/* End PBXResourcesBuildPhase section */

/* Begin PBXSourcesBuildPhase section */
		BA997DEC2C334CA2007C2E51 /* Sources */ = {
			isa = PBXSourcesBuildPhase;
			buildActionMask = 2147483647;
			files = (
				BA997DF62C334CA2007C2E51 /* HomeView.swift in Sources */,
				BA997E212C35D190007C2E51 /* PokemonServiceError.swift in Sources */,
				BADF5D232C38825E0096368B /* PokeAPI.swift in Sources */,
				BA997E1B2C35BC6E007C2E51 /* PokemonDetailView.swift in Sources */,
				BA997DF42C334CA2007C2E51 /* PokedexApp.swift in Sources */,
				BA997E0E2C349E56007C2E51 /* PokemonImageView.swift in Sources */,
				BA997E082C3378FF007C2E51 /* PokemonService.swift in Sources */,
				BA997E1F2C35C548007C2E51 /* CircularLoaderView.swift in Sources */,
				BA997E1D2C35BD23007C2E51 /* PokemonDetailViewModel.swift in Sources */,
				BADF5D1F2C387CF90096368B /* PokeAPIResponse.swift in Sources */,
				BA997E0C2C349A7C007C2E51 /* HomeViewModel.swift in Sources */,
				BADF5D272C38F44B0096368B /* Constants.swift in Sources */,
				BA997E0A2C337BC4007C2E51 /* PokemonLink.swift in Sources */,
				BA997E192C350015007C2E51 /* PokemonInformation.swift in Sources */,
			);
			runOnlyForDeploymentPostprocessing = 0;
		};
/* End PBXSourcesBuildPhase section */

/* Begin XCBuildConfiguration section */
		BA997DFC2C334CA3007C2E51 /* Debug */ = {
			isa = XCBuildConfiguration;
			buildSettings = {
				ALWAYS_SEARCH_USER_PATHS = NO;
				ASSETCATALOG_COMPILER_GENERATE_SWIFT_ASSET_SYMBOL_EXTENSIONS = YES;
				CLANG_ANALYZER_NONNULL = YES;
				CLANG_ANALYZER_NUMBER_OBJECT_CONVERSION = YES_AGGRESSIVE;
				CLANG_CXX_LANGUAGE_STANDARD = "gnu++20";
				CLANG_ENABLE_MODULES = YES;
				CLANG_ENABLE_OBJC_ARC = YES;
				CLANG_ENABLE_OBJC_WEAK = YES;
				CLANG_WARN_BLOCK_CAPTURE_AUTORELEASING = YES;
				CLANG_WARN_BOOL_CONVERSION = YES;
				CLANG_WARN_COMMA = YES;
				CLANG_WARN_CONSTANT_CONVERSION = YES;
				CLANG_WARN_DEPRECATED_OBJC_IMPLEMENTATIONS = YES;
				CLANG_WARN_DIRECT_OBJC_ISA_USAGE = YES_ERROR;
				CLANG_WARN_DOCUMENTATION_COMMENTS = YES;
				CLANG_WARN_EMPTY_BODY = YES;
				CLANG_WARN_ENUM_CONVERSION = YES;
				CLANG_WARN_INFINITE_RECURSION = YES;
				CLANG_WARN_INT_CONVERSION = YES;
				CLANG_WARN_NON_LITERAL_NULL_CONVERSION = YES;
				CLANG_WARN_OBJC_IMPLICIT_RETAIN_SELF = YES;
				CLANG_WARN_OBJC_LITERAL_CONVERSION = YES;
				CLANG_WARN_OBJC_ROOT_CLASS = YES_ERROR;
				CLANG_WARN_QUOTED_INCLUDE_IN_FRAMEWORK_HEADER = YES;
				CLANG_WARN_RANGE_LOOP_ANALYSIS = YES;
				CLANG_WARN_STRICT_PROTOTYPES = YES;
				CLANG_WARN_SUSPICIOUS_MOVE = YES;
				CLANG_WARN_UNGUARDED_AVAILABILITY = YES_AGGRESSIVE;
				CLANG_WARN_UNREACHABLE_CODE = YES;
				CLANG_WARN__DUPLICATE_METHOD_MATCH = YES;
				COPY_PHASE_STRIP = NO;
				DEBUG_INFORMATION_FORMAT = dwarf;
				ENABLE_STRICT_OBJC_MSGSEND = YES;
				ENABLE_TESTABILITY = YES;
				ENABLE_USER_SCRIPT_SANDBOXING = YES;
				GCC_C_LANGUAGE_STANDARD = gnu17;
				GCC_DYNAMIC_NO_PIC = NO;
				GCC_NO_COMMON_BLOCKS = YES;
				GCC_OPTIMIZATION_LEVEL = 0;
				GCC_PREPROCESSOR_DEFINITIONS = (
					"DEBUG=1",
					"$(inherited)",
				);
				GCC_WARN_64_TO_32_BIT_CONVERSION = YES;
				GCC_WARN_ABOUT_RETURN_TYPE = YES_ERROR;
				GCC_WARN_UNDECLARED_SELECTOR = YES;
				GCC_WARN_UNINITIALIZED_AUTOS = YES_AGGRESSIVE;
				GCC_WARN_UNUSED_FUNCTION = YES;
				GCC_WARN_UNUSED_VARIABLE = YES;
				IPHONEOS_DEPLOYMENT_TARGET = 17.2;
				LOCALIZATION_PREFERS_STRING_CATALOGS = YES;
				MTL_ENABLE_DEBUG_INFO = INCLUDE_SOURCE;
				MTL_FAST_MATH = YES;
				ONLY_ACTIVE_ARCH = YES;
				SDKROOT = iphoneos;
				SWIFT_ACTIVE_COMPILATION_CONDITIONS = "DEBUG $(inherited)";
				SWIFT_OPTIMIZATION_LEVEL = "-Onone";
			};
			name = Debug;
		};
		BA997DFD2C334CA3007C2E51 /* Release */ = {
			isa = XCBuildConfiguration;
			buildSettings = {
				ALWAYS_SEARCH_USER_PATHS = NO;
				ASSETCATALOG_COMPILER_GENERATE_SWIFT_ASSET_SYMBOL_EXTENSIONS = YES;
				CLANG_ANALYZER_NONNULL = YES;
				CLANG_ANALYZER_NUMBER_OBJECT_CONVERSION = YES_AGGRESSIVE;
				CLANG_CXX_LANGUAGE_STANDARD = "gnu++20";
				CLANG_ENABLE_MODULES = YES;
				CLANG_ENABLE_OBJC_ARC = YES;
				CLANG_ENABLE_OBJC_WEAK = YES;
				CLANG_WARN_BLOCK_CAPTURE_AUTORELEASING = YES;
				CLANG_WARN_BOOL_CONVERSION = YES;
				CLANG_WARN_COMMA = YES;
				CLANG_WARN_CONSTANT_CONVERSION = YES;
				CLANG_WARN_DEPRECATED_OBJC_IMPLEMENTATIONS = YES;
				CLANG_WARN_DIRECT_OBJC_ISA_USAGE = YES_ERROR;
				CLANG_WARN_DOCUMENTATION_COMMENTS = YES;
				CLANG_WARN_EMPTY_BODY = YES;
				CLANG_WARN_ENUM_CONVERSION = YES;
				CLANG_WARN_INFINITE_RECURSION = YES;
				CLANG_WARN_INT_CONVERSION = YES;
				CLANG_WARN_NON_LITERAL_NULL_CONVERSION = YES;
				CLANG_WARN_OBJC_IMPLICIT_RETAIN_SELF = YES;
				CLANG_WARN_OBJC_LITERAL_CONVERSION = YES;
				CLANG_WARN_OBJC_ROOT_CLASS = YES_ERROR;
				CLANG_WARN_QUOTED_INCLUDE_IN_FRAMEWORK_HEADER = YES;
				CLANG_WARN_RANGE_LOOP_ANALYSIS = YES;
				CLANG_WARN_STRICT_PROTOTYPES = YES;
				CLANG_WARN_SUSPICIOUS_MOVE = YES;
				CLANG_WARN_UNGUARDED_AVAILABILITY = YES_AGGRESSIVE;
				CLANG_WARN_UNREACHABLE_CODE = YES;
				CLANG_WARN__DUPLICATE_METHOD_MATCH = YES;
				COPY_PHASE_STRIP = NO;
				DEBUG_INFORMATION_FORMAT = "dwarf-with-dsym";
				ENABLE_NS_ASSERTIONS = NO;
				ENABLE_STRICT_OBJC_MSGSEND = YES;
				ENABLE_USER_SCRIPT_SANDBOXING = YES;
				GCC_C_LANGUAGE_STANDARD = gnu17;
				GCC_NO_COMMON_BLOCKS = YES;
				GCC_WARN_64_TO_32_BIT_CONVERSION = YES;
				GCC_WARN_ABOUT_RETURN_TYPE = YES_ERROR;
				GCC_WARN_UNDECLARED_SELECTOR = YES;
				GCC_WARN_UNINITIALIZED_AUTOS = YES_AGGRESSIVE;
				GCC_WARN_UNUSED_FUNCTION = YES;
				GCC_WARN_UNUSED_VARIABLE = YES;
				IPHONEOS_DEPLOYMENT_TARGET = 17.2;
				LOCALIZATION_PREFERS_STRING_CATALOGS = YES;
				MTL_ENABLE_DEBUG_INFO = NO;
				MTL_FAST_MATH = YES;
				SDKROOT = iphoneos;
				SWIFT_COMPILATION_MODE = wholemodule;
				VALIDATE_PRODUCT = YES;
			};
			name = Release;
		};
		BA997DFF2C334CA3007C2E51 /* Debug */ = {
			isa = XCBuildConfiguration;
			buildSettings = {
				ASSETCATALOG_COMPILER_APPICON_NAME = AppIcon;
				ASSETCATALOG_COMPILER_GLOBAL_ACCENT_COLOR_NAME = AccentColor;
				CODE_SIGN_STYLE = Automatic;
				CURRENT_PROJECT_VERSION = 1;
				DEVELOPMENT_ASSET_PATHS = "\"Pokedex/Preview Content\"";
				DEVELOPMENT_TEAM = YX56X85BZA;
				ENABLE_PREVIEWS = YES;
				GENERATE_INFOPLIST_FILE = YES;
				INFOPLIST_KEY_UIApplicationSceneManifest_Generation = YES;
				INFOPLIST_KEY_UIApplicationSupportsIndirectInputEvents = YES;
				INFOPLIST_KEY_UILaunchScreen_Generation = YES;
				INFOPLIST_KEY_UISupportedInterfaceOrientations_iPad = "UIInterfaceOrientationPortrait UIInterfaceOrientationPortraitUpsideDown UIInterfaceOrientationLandscapeLeft UIInterfaceOrientationLandscapeRight";
				INFOPLIST_KEY_UISupportedInterfaceOrientations_iPhone = "UIInterfaceOrientationPortrait UIInterfaceOrientationLandscapeLeft UIInterfaceOrientationLandscapeRight";
				LD_RUNPATH_SEARCH_PATHS = (
					"$(inherited)",
					"@executable_path/Frameworks",
				);
				MARKETING_VERSION = 1.0;
				PRODUCT_BUNDLE_IDENTIFIER = com.mdsahilak.Pokedex;
				PRODUCT_NAME = "$(TARGET_NAME)";
				SWIFT_EMIT_LOC_STRINGS = YES;
				SWIFT_VERSION = 5.0;
				TARGETED_DEVICE_FAMILY = "1,2";
			};
			name = Debug;
		};
		BA997E002C334CA3007C2E51 /* Release */ = {
			isa = XCBuildConfiguration;
			buildSettings = {
				ASSETCATALOG_COMPILER_APPICON_NAME = AppIcon;
				ASSETCATALOG_COMPILER_GLOBAL_ACCENT_COLOR_NAME = AccentColor;
				CODE_SIGN_STYLE = Automatic;
				CURRENT_PROJECT_VERSION = 1;
				DEVELOPMENT_ASSET_PATHS = "\"Pokedex/Preview Content\"";
				DEVELOPMENT_TEAM = YX56X85BZA;
				ENABLE_PREVIEWS = YES;
				GENERATE_INFOPLIST_FILE = YES;
				INFOPLIST_KEY_UIApplicationSceneManifest_Generation = YES;
				INFOPLIST_KEY_UIApplicationSupportsIndirectInputEvents = YES;
				INFOPLIST_KEY_UILaunchScreen_Generation = YES;
				INFOPLIST_KEY_UISupportedInterfaceOrientations_iPad = "UIInterfaceOrientationPortrait UIInterfaceOrientationPortraitUpsideDown UIInterfaceOrientationLandscapeLeft UIInterfaceOrientationLandscapeRight";
				INFOPLIST_KEY_UISupportedInterfaceOrientations_iPhone = "UIInterfaceOrientationPortrait UIInterfaceOrientationLandscapeLeft UIInterfaceOrientationLandscapeRight";
				LD_RUNPATH_SEARCH_PATHS = (
					"$(inherited)",
					"@executable_path/Frameworks",
				);
				MARKETING_VERSION = 1.0;
				PRODUCT_BUNDLE_IDENTIFIER = com.mdsahilak.Pokedex;
				PRODUCT_NAME = "$(TARGET_NAME)";
				SWIFT_EMIT_LOC_STRINGS = YES;
				SWIFT_VERSION = 5.0;
				TARGETED_DEVICE_FAMILY = "1,2";
			};
			name = Release;
		};
/* End XCBuildConfiguration section */

/* Begin XCConfigurationList section */
		BA997DEB2C334CA2007C2E51 /* Build configuration list for PBXProject "Pokedex" */ = {
			isa = XCConfigurationList;
			buildConfigurations = (
				BA997DFC2C334CA3007C2E51 /* Debug */,
				BA997DFD2C334CA3007C2E51 /* Release */,
			);
			defaultConfigurationIsVisible = 0;
			defaultConfigurationName = Release;
		};
		BA997DFE2C334CA3007C2E51 /* Build configuration list for PBXNativeTarget "Pokedex" */ = {
			isa = XCConfigurationList;
			buildConfigurations = (
				BA997DFF2C334CA3007C2E51 /* Debug */,
				BA997E002C334CA3007C2E51 /* Release */,
			);
			defaultConfigurationIsVisible = 0;
			defaultConfigurationName = Release;
		};
/* End XCConfigurationList section */

/* Begin XCRemoteSwiftPackageReference section */
		BA997E0F2C349EC2007C2E51 /* XCRemoteSwiftPackageReference "Nuke" */ = {
			isa = XCRemoteSwiftPackageReference;
			repositoryURL = "https://github.com/kean/Nuke.git";
			requirement = {
				kind = upToNextMajorVersion;
				minimumVersion = 12.7.3;
			};
		};
/* End XCRemoteSwiftPackageReference section */

/* Begin XCSwiftPackageProductDependency section */
		BA997E102C349EC2007C2E51 /* Nuke */ = {
			isa = XCSwiftPackageProductDependency;
			package = BA997E0F2C349EC2007C2E51 /* XCRemoteSwiftPackageReference "Nuke" */;
			productName = Nuke;
		};
		BA997E122C349EC2007C2E51 /* NukeExtensions */ = {
			isa = XCSwiftPackageProductDependency;
			package = BA997E0F2C349EC2007C2E51 /* XCRemoteSwiftPackageReference "Nuke" */;
			productName = NukeExtensions;
		};
		BA997E142C349EC2007C2E51 /* NukeUI */ = {
			isa = XCSwiftPackageProductDependency;
			package = BA997E0F2C349EC2007C2E51 /* XCRemoteSwiftPackageReference "Nuke" */;
			productName = NukeUI;
		};
		BA997E162C349EC2007C2E51 /* NukeVideo */ = {
			isa = XCSwiftPackageProductDependency;
			package = BA997E0F2C349EC2007C2E51 /* XCRemoteSwiftPackageReference "Nuke" */;
			productName = NukeVideo;
		};
/* End XCSwiftPackageProductDependency section */
	};
	rootObject = BA997DE82C334CA2007C2E51 /* Project object */;
}
